
Microsoft Visual Studio Solution File, Format Version 12.00
# Visual Studio Version 17
VisualStudioVersion = 17.12.35527.113
MinimumVisualStudioVersion = 10.0.40219.1
Project("{FAE04EC0-301F-11D3-BF4B-00C04F79EFBC}") = "GameAndDot.Server", "GameAndDot.Server\GameAndDot.Server.csproj", "{BBEDBDB5-7F98-46E2-95B8-44D141BD8AEA}"
	ProjectSection(ProjectDependencies) = postProject
		{25CE9EAC-8A53-4652-BD24-F031D11062F9} = {25CE9EAC-8A53-4652-BD24-F031D11062F9}
		{B510589E-929E-47FC-9908-01F631FFB574} = {B510589E-929E-47FC-9908-01F631FFB574}
	EndProjectSection
EndProject
Project("{FAE04EC0-301F-11D3-BF4B-00C04F79EFBC}") = "GameAndDot.Client", "GameAndDot.Client\GameAndDot.Client.csproj", "{3E4436EF-EBE9-4693-B56E-78AE3C55CBE6}"
	ProjectSection(ProjectDependencies) = postProject
		{25CE9EAC-8A53-4652-BD24-F031D11062F9} = {25CE9EAC-8A53-4652-BD24-F031D11062F9}
	EndProjectSection
EndProject
Project("{FAE04EC0-301F-11D3-BF4B-00C04F79EFBC}") = "GameAndDot.WinForm", "GameAndDot.WinForm\GameAndDot.WinForm.csproj", "{575B6443-8A0E-4600-BD14-5B4BE9C48173}"
	ProjectSection(ProjectDependencies) = postProject
		{25CE9EAC-8A53-4652-BD24-F031D11062F9} = {25CE9EAC-8A53-4652-BD24-F031D11062F9}
	EndProjectSection
EndProject
Project("{FAE04EC0-301F-11D3-BF4B-00C04F79EFBC}") = "GameAndDot.Shared", "GameAndDot.Shared\GameAndDot.Shared.csproj", "{25CE9EAC-8A53-4652-BD24-F031D11062F9}"
EndProject
Project("{FAE04EC0-301F-11D3-BF4B-00C04F79EFBC}") = "XProtocol", "..\TCPProtocol-master\TCPProtocol-master\XProtocol\XProtocol.csproj", "{B510589E-929E-47FC-9908-01F631FFB574}"
EndProject
Global
	GlobalSection(SolutionConfigurationPlatforms) = preSolution
		Debug|Any CPU = Debug|Any CPU
		Release|Any CPU = Release|Any CPU
	EndGlobalSection
	GlobalSection(ProjectConfigurationPlatforms) = postSolution
		{BBEDBDB5-7F98-46E2-95B8-44D141BD8AEA}.Debug|Any CPU.ActiveCfg = Debug|Any CPU
		{BBEDBDB5-7F98-46E2-95B8-44D141BD8AEA}.Debug|Any CPU.Build.0 = Debug|Any CPU
		{BBEDBDB5-7F98-46E2-95B8-44D141BD8AEA}.Release|Any CPU.ActiveCfg = Release|Any CPU
		{BBEDBDB5-7F98-46E2-95B8-44D141BD8AEA}.Release|Any CPU.Build.0 = Release|Any CPU
		{3E4436EF-EBE9-4693-B56E-78AE3C55CBE6}.Debug|Any CPU.ActiveCfg = Debug|Any CPU
		{3E4436EF-EBE9-4693-B56E-78AE3C55CBE6}.Debug|Any CPU.Build.0 = Debug|Any CPU
		{3E4436EF-EBE9-4693-B56E-78AE3C55CBE6}.Release|Any CPU.ActiveCfg = Release|Any CPU
		{3E4436EF-EBE9-4693-B56E-78AE3C55CBE6}.Release|Any CPU.Build.0 = Release|Any CPU
		{575B6443-8A0E-4600-BD14-5B4BE9C48173}.Debug|Any CPU.ActiveCfg = Debug|Any CPU
		{575B6443-8A0E-4600-BD14-5B4BE9C48173}.Debug|Any CPU.Build.0 = Debug|Any CPU
		{575B6443-8A0E-4600-BD14-5B4BE9C48173}.Release|Any CPU.ActiveCfg = Release|Any CPU
		{575B6443-8A0E-4600-BD14-5B4BE9C48173}.Release|Any CPU.Build.0 = Release|Any CPU
		{25CE9EAC-8A53-4652-BD24-F031D11062F9}.Debug|Any CPU.ActiveCfg = Debug|Any CPU
		{25CE9EAC-8A53-4652-BD24-F031D11062F9}.Debug|Any CPU.Build.0 = Debug|Any CPU
		{25CE9EAC-8A53-4652-BD24-F031D11062F9}.Release|Any CPU.ActiveCfg = Release|Any CPU
		{25CE9EAC-8A53-4652-BD24-F031D11062F9}.Release|Any CPU.Build.0 = Release|Any CPU
		{B510589E-929E-47FC-9908-01F631FFB574}.Debug|Any CPU.ActiveCfg = Debug|Any CPU
		{B510589E-929E-47FC-9908-01F631FFB574}.Debug|Any CPU.Build.0 = Debug|Any CPU
		{B510589E-929E-47FC-9908-01F631FFB574}.Release|Any CPU.ActiveCfg = Release|Any CPU
		{B510589E-929E-47FC-9908-01F631FFB574}.Release|Any CPU.Build.0 = Release|Any CPU
	EndGlobalSection
	GlobalSection(SolutionProperties) = preSolution
		HideSolutionNode = FALSE
	EndGlobalSection
EndGlobal
